
Microsoft Visual Studio Solution File, Format Version 12.00
# Visual Studio Version 16
VisualStudioVersion = 16.0.30717.126
MinimumVisualStudioVersion = 10.0.40219.1
Project("{9A19103F-16F7-4668-BE54-9A1E7A4F7556}") = "ApiService", "ApiService\ApiService.csproj", "{E872F9E0-DFA2-421A-86B1-AFFB4F0A1E14}"
EndProject
Project("{2150E333-8FDC-42A3-9474-1A3956D46DE8}") = "Client", "Client", "{EDA5AA25-E6D3-40FC-8B77-DB19E8E2CB6D}"
EndProject
Project("{9A19103F-16F7-4668-BE54-9A1E7A4F7556}") = "SqliteDataLayer", "SqliteDataLayer\SqliteDataLayer.csproj", "{C39D1677-27CB-4C4B-BF9B-A930727EA248}"
EndProject
Project("{9A19103F-16F7-4668-BE54-9A1E7A4F7556}") = "Domain", "Domain\Domain.csproj", "{4D97A2B7-7BBA-4582-B665-878AED87E73B}"
EndProject
Project("{2150E333-8FDC-42A3-9474-1A3956D46DE8}") = "Solution Items", "Solution Items", "{01F02190-FCD5-4AC8-BB6C-16F363AC7A60}"
	ProjectSection(SolutionItems) = preProject
		.editorconfig = .editorconfig
	EndProjectSection
EndProject
Global
	GlobalSection(SolutionConfigurationPlatforms) = preSolution
		Debug|Any CPU = Debug|Any CPU
		Release|Any CPU = Release|Any CPU
	EndGlobalSection
	GlobalSection(ProjectConfigurationPlatforms) = postSolution
		{E872F9E0-DFA2-421A-86B1-AFFB4F0A1E14}.Debug|Any CPU.ActiveCfg = Debug|Any CPU
		{E872F9E0-DFA2-421A-86B1-AFFB4F0A1E14}.Debug|Any CPU.Build.0 = Debug|Any CPU
		{E872F9E0-DFA2-421A-86B1-AFFB4F0A1E14}.Release|Any CPU.ActiveCfg = Release|Any CPU
		{E872F9E0-DFA2-421A-86B1-AFFB4F0A1E14}.Release|Any CPU.Build.0 = Release|Any CPU
		{C39D1677-27CB-4C4B-BF9B-A930727EA248}.Debug|Any CPU.ActiveCfg = Debug|Any CPU
		{C39D1677-27CB-4C4B-BF9B-A930727EA248}.Debug|Any CPU.Build.0 = Debug|Any CPU
		{C39D1677-27CB-4C4B-BF9B-A930727EA248}.Release|Any CPU.ActiveCfg = Release|Any CPU
		{C39D1677-27CB-4C4B-BF9B-A930727EA248}.Release|Any CPU.Build.0 = Release|Any CPU
		{4D97A2B7-7BBA-4582-B665-878AED87E73B}.Debug|Any CPU.ActiveCfg = Debug|Any CPU
		{4D97A2B7-7BBA-4582-B665-878AED87E73B}.Debug|Any CPU.Build.0 = Debug|Any CPU
		{4D97A2B7-7BBA-4582-B665-878AED87E73B}.Release|Any CPU.ActiveCfg = Release|Any CPU
		{4D97A2B7-7BBA-4582-B665-878AED87E73B}.Release|Any CPU.Build.0 = Release|Any CPU
	EndGlobalSection
	GlobalSection(SolutionProperties) = preSolution
		HideSolutionNode = FALSE
	EndGlobalSection
	GlobalSection(ExtensibilityGlobals) = postSolution
		SolutionGuid = {64795FDD-46C6-496A-9D34-CD7B4D3C534B}
	EndGlobalSection
EndGlobal
